<?xml version="1.0" encoding="utf-8"?>
<Project ToolsVersion="4.0" xmlns="http://schemas.microsoft.com/developer/msbuild/2003">
  <ItemGroup>
    <ClCompile Include="Count.cpp">
      <Filter>ソースファイル</Filter>
    </ClCompile>
    <ClCompile Include="main.cpp">
      <Filter>ソースファイル</Filter>
    </ClCompile>
    <ClCompile Include="Map.cpp">
      <Filter>ソースファイル</Filter>
    </ClCompile>
    <ClCompile Include="player.cpp">
      <Filter>ソースファイル</Filter>
    </ClCompile>
    <ClCompile Include="Vector2.cpp">
      <Filter>ソースファイル</Filter>
    </ClCompile>
    <ClCompile Include="Easing.cpp">
      <Filter>ソースファイル</Filter>
    </ClCompile>
    <ClCompile Include="SceneChange.cpp">
      <Filter>ソースファイル</Filter>
    </ClCompile>
    <ClCompile Include="Vector3.cpp">
      <Filter>ソースファイル</Filter>
    </ClCompile>
  </ItemGroup>
  <ItemGroup>
    <ClInclude Include="Count.h">
      <Filter>ヘッダーファイル</Filter>
    </ClInclude>
    <ClInclude Include="Map.h">
      <Filter>ヘッダーファイル</Filter>
    </ClInclude>
    <ClInclude Include="player.h">
      <Filter>ヘッダーファイル</Filter>
    </ClInclude>
    <ClInclude Include="Vector2.h">
      <Filter>ヘッダーファイル</Filter>
    </ClInclude>
    <ClInclude Include="Easing.h">
      <Filter>ヘッダーファイル</Filter>
    </ClInclude>
    <ClInclude Include="SceneChange.h">
      <Filter>ヘッダーファイル</Filter>
    </ClInclude>
    <ClInclude Include="Vector3.h">
      <Filter>ヘッダーファイル</Filter>
    </ClInclude>
  </ItemGroup>
  <ItemGroup>
    <Filter Include="ソースファイル">
      <UniqueIdentifier>{8dbe878d-e412-47ce-960a-c5d5e37b5957}</UniqueIdentifier>
    </Filter>
    <Filter Include="ヘッダーファイル">
      <UniqueIdentifier>{929624b4-1b9c-4586-ad00-cdb3e46c57fe}</UniqueIdentifier>
    </Filter>
  </ItemGroup>
</Project>